
Microsoft Visual Studio Solution File, Format Version 12.00
# Visual Studio Version 17
VisualStudioVersion = 17.6.33829.357
MinimumVisualStudioVersion = 10.0.40219.1
Project("{FAE04EC0-301F-11D3-BF4B-00C04F79EFBC}") = "I4P-interju-feladat-2", "I4P-interju-feladat-2\I4P-interju-feladat-2.csproj", "{37C440AE-748B-496C-A3F0-6EC9883F1372}"
EndProject
Global
	GlobalSection(SolutionConfigurationPlatforms) = preSolution
		Debug|Any CPU = Debug|Any CPU
		Release|Any CPU = Release|Any CPU
	EndGlobalSection
	GlobalSection(ProjectConfigurationPlatforms) = postSolution
		{37C440AE-748B-496C-A3F0-6EC9883F1372}.Debug|Any CPU.ActiveCfg = Debug|Any CPU
		{37C440AE-748B-496C-A3F0-6EC9883F1372}.Debug|Any CPU.Build.0 = Debug|Any CPU
		{37C440AE-748B-496C-A3F0-6EC9883F1372}.Release|Any CPU.ActiveCfg = Release|Any CPU
		{37C440AE-748B-496C-A3F0-6EC9883F1372}.Release|Any CPU.Build.0 = Release|Any CPU
	EndGlobalSection
	GlobalSection(SolutionProperties) = preSolution
		HideSolutionNode = FALSE
	EndGlobalSection
	GlobalSection(ExtensibilityGlobals) = postSolution
		SolutionGuid = {B13CB782-3398-4173-AD58-02D86DBCE2FE}
	EndGlobalSection
EndGlobal
